// !$*UTF8*$!
{
	archiveVersion = 1;
	classes = {
	};
	objectVersion = 56;
	objects = {

/* Begin PBXBuildFile section */
		3997F1692908A960007BDCFC /* QuizScreenVC.swift in Sources */ = {isa = PBXBuildFile; fileRef = 3997F1682908A960007BDCFC /* QuizScreenVC.swift */; };
		3997F16B2908AC51007BDCFC /* AboutScreenVC.swift in Sources */ = {isa = PBXBuildFile; fileRef = 3997F16A2908AC51007BDCFC /* AboutScreenVC.swift */; };
		39B772002908F3A900D9099D /* QuestionFetcher.swift in Sources */ = {isa = PBXBuildFile; fileRef = 39B771FF2908F3A900D9099D /* QuestionFetcher.swift */; };
		39B772032908F3CE00D9099D /* Questions.swift in Sources */ = {isa = PBXBuildFile; fileRef = 39B772022908F3CE00D9099D /* Questions.swift */; };
		39CB1A34290B4336004383C5 /* QuizLoadingScreenVC.swift in Sources */ = {isa = PBXBuildFile; fileRef = 39CB1A33290B4336004383C5 /* QuizLoadingScreenVC.swift */; };
		39CB1A36290B5DFF004383C5 /* DBHelper.swift in Sources */ = {isa = PBXBuildFile; fileRef = 39CB1A35290B5DFF004383C5 /* DBHelper.swift */; };
		39D22813290862370090786D /* AppDelegate.swift in Sources */ = {isa = PBXBuildFile; fileRef = 39D22812290862370090786D /* AppDelegate.swift */; };
		39D22815290862370090786D /* SceneDelegate.swift in Sources */ = {isa = PBXBuildFile; fileRef = 39D22814290862370090786D /* SceneDelegate.swift */; };
		39D22817290862370090786D /* LevelSelectorVC.swift in Sources */ = {isa = PBXBuildFile; fileRef = 39D22816290862370090786D /* LevelSelectorVC.swift */; };
		39D2281A290862370090786D /* Main.storyboard in Resources */ = {isa = PBXBuildFile; fileRef = 39D22818290862370090786D /* Main.storyboard */; };
		39D2281D290862370090786D /* Quizo.xcdatamodeld in Sources */ = {isa = PBXBuildFile; fileRef = 39D2281B290862370090786D /* Quizo.xcdatamodeld */; };
		39D2281F290862380090786D /* Assets.xcassets in Resources */ = {isa = PBXBuildFile; fileRef = 39D2281E290862380090786D /* Assets.xcassets */; };
		39D22822290862380090786D /* LaunchScreen.storyboard in Resources */ = {isa = PBXBuildFile; fileRef = 39D22820290862380090786D /* LaunchScreen.storyboard */; };
		39D2282F290863FA0090786D /* Comfortaa-SemiBold.ttf in Resources */ = {isa = PBXBuildFile; fileRef = 39D2282A290863FA0090786D /* Comfortaa-SemiBold.ttf */; };
		39D22830290863FA0090786D /* Comfortaa-Medium.ttf in Resources */ = {isa = PBXBuildFile; fileRef = 39D2282B290863FA0090786D /* Comfortaa-Medium.ttf */; };
		39D22831290863FA0090786D /* Comfortaa-Light.ttf in Resources */ = {isa = PBXBuildFile; fileRef = 39D2282C290863FA0090786D /* Comfortaa-Light.ttf */; };
		39D22832290863FA0090786D /* Comfortaa-Regular.ttf in Resources */ = {isa = PBXBuildFile; fileRef = 39D2282D290863FA0090786D /* Comfortaa-Regular.ttf */; };
		39D22833290863FA0090786D /* Comfortaa-Bold.ttf in Resources */ = {isa = PBXBuildFile; fileRef = 39D2282E290863FA0090786D /* Comfortaa-Bold.ttf */; };
/* End PBXBuildFile section */

/* Begin PBXFileReference section */
		3997F1682908A960007BDCFC /* QuizScreenVC.swift */ = {isa = PBXFileReference; lastKnownFileType = sourcecode.swift; path = QuizScreenVC.swift; sourceTree = "<group>"; };
		3997F16A2908AC51007BDCFC /* AboutScreenVC.swift */ = {isa = PBXFileReference; fileEncoding = 4; lastKnownFileType = sourcecode.swift; path = AboutScreenVC.swift; sourceTree = "<group>"; };
		39B771FF2908F3A900D9099D /* QuestionFetcher.swift */ = {isa = PBXFileReference; lastKnownFileType = sourcecode.swift; path = QuestionFetcher.swift; sourceTree = "<group>"; };
		39B772022908F3CE00D9099D /* Questions.swift */ = {isa = PBXFileReference; lastKnownFileType = sourcecode.swift; path = Questions.swift; sourceTree = "<group>"; };
		39CB1A33290B4336004383C5 /* QuizLoadingScreenVC.swift */ = {isa = PBXFileReference; lastKnownFileType = sourcecode.swift; path = QuizLoadingScreenVC.swift; sourceTree = "<group>"; };
		39CB1A35290B5DFF004383C5 /* DBHelper.swift */ = {isa = PBXFileReference; lastKnownFileType = sourcecode.swift; path = DBHelper.swift; sourceTree = "<group>"; };
		39D2280F290862370090786D /* Quizo.app */ = {isa = PBXFileReference; explicitFileType = wrapper.application; includeInIndex = 0; path = Quizo.app; sourceTree = BUILT_PRODUCTS_DIR; };
		39D22812290862370090786D /* AppDelegate.swift */ = {isa = PBXFileReference; lastKnownFileType = sourcecode.swift; path = AppDelegate.swift; sourceTree = "<group>"; };
		39D22814290862370090786D /* SceneDelegate.swift */ = {isa = PBXFileReference; lastKnownFileType = sourcecode.swift; path = SceneDelegate.swift; sourceTree = "<group>"; };
		39D22816290862370090786D /* LevelSelectorVC.swift */ = {isa = PBXFileReference; lastKnownFileType = sourcecode.swift; path = LevelSelectorVC.swift; sourceTree = "<group>"; };
		39D22819290862370090786D /* Base */ = {isa = PBXFileReference; lastKnownFileType = file.storyboard; name = Base; path = Base.lproj/Main.storyboard; sourceTree = "<group>"; };
		39D2281C290862370090786D /* Quizo.xcdatamodel */ = {isa = PBXFileReference; lastKnownFileType = wrapper.xcdatamodel; path = Quizo.xcdatamodel; sourceTree = "<group>"; };
		39D2281E290862380090786D /* Assets.xcassets */ = {isa = PBXFileReference; lastKnownFileType = folder.assetcatalog; path = Assets.xcassets; sourceTree = "<group>"; };
		39D22821290862380090786D /* Base */ = {isa = PBXFileReference; lastKnownFileType = file.storyboard; name = Base; path = Base.lproj/LaunchScreen.storyboard; sourceTree = "<group>"; };
		39D22823290862380090786D /* Info.plist */ = {isa = PBXFileReference; lastKnownFileType = text.plist.xml; path = Info.plist; sourceTree = "<group>"; };
		39D2282A290863FA0090786D /* Comfortaa-SemiBold.ttf */ = {isa = PBXFileReference; lastKnownFileType = file; path = "Comfortaa-SemiBold.ttf"; sourceTree = "<group>"; };
		39D2282B290863FA0090786D /* Comfortaa-Medium.ttf */ = {isa = PBXFileReference; lastKnownFileType = file; path = "Comfortaa-Medium.ttf"; sourceTree = "<group>"; };
		39D2282C290863FA0090786D /* Comfortaa-Light.ttf */ = {isa = PBXFileReference; lastKnownFileType = file; path = "Comfortaa-Light.ttf"; sourceTree = "<group>"; };
		39D2282D290863FA0090786D /* Comfortaa-Regular.ttf */ = {isa = PBXFileReference; lastKnownFileType = file; path = "Comfortaa-Regular.ttf"; sourceTree = "<group>"; };
		39D2282E290863FA0090786D /* Comfortaa-Bold.ttf */ = {isa = PBXFileReference; lastKnownFileType = file; path = "Comfortaa-Bold.ttf"; sourceTree = "<group>"; };
/* End PBXFileReference section */

/* Begin PBXFrameworksBuildPhase section */
		39D2280C290862370090786D /* Frameworks */ = {
			isa = PBXFrameworksBuildPhase;
			buildActionMask = 2147483647;
			files = (
			);
			runOnlyForDeploymentPostprocessing = 0;
		};
/* End PBXFrameworksBuildPhase section */

/* Begin PBXGroup section */
		39797C66290876E6007AF066 /* Controllers */ = {
			isa = PBXGroup;
			children = (
				3997F16A2908AC51007BDCFC /* AboutScreenVC.swift */,
				39D22816290862370090786D /* LevelSelectorVC.swift */,
				3997F1682908A960007BDCFC /* QuizScreenVC.swift */,
				39CB1A33290B4336004383C5 /* QuizLoadingScreenVC.swift */,
			);
			path = Controllers;
			sourceTree = "<group>";
		};
		39B772012908F3BC00D9099D /* Model */ = {
			isa = PBXGroup;
			children = (
				39B772022908F3CE00D9099D /* Questions.swift */,
			);
			path = Model;
			sourceTree = "<group>";
		};
		39B772042908F3D700D9099D /* Delegate */ = {
			isa = PBXGroup;
			children = (
				39D22812290862370090786D /* AppDelegate.swift */,
				39D22814290862370090786D /* SceneDelegate.swift */,
			);
			path = Delegate;
			sourceTree = "<group>";
		};
		39B772052908F3EA00D9099D /* Views */ = {
			isa = PBXGroup;
			children = (
				39D22820290862380090786D /* LaunchScreen.storyboard */,
				39D22818290862370090786D /* Main.storyboard */,
			);
			path = Views;
			sourceTree = "<group>";
		};
		39B772062908F41A00D9099D /* HelperFiles */ = {
			isa = PBXGroup;
			children = (
				39B771FF2908F3A900D9099D /* QuestionFetcher.swift */,
				39CB1A35290B5DFF004383C5 /* DBHelper.swift */,
			);
			path = HelperFiles;
			sourceTree = "<group>";
		};
		39B772072908F42B00D9099D /* Helpers */ = {
			isa = PBXGroup;
			children = (
				39D22829290863640090786D /* FontFiles */,
				39B772012908F3BC00D9099D /* Model */,
				39B772062908F41A00D9099D /* HelperFiles */,
			);
			path = Helpers;
			sourceTree = "<group>";
		};
		39D22806290862370090786D = {
			isa = PBXGroup;
			children = (
				39D22811290862370090786D /* Quizo */,
				39D22810290862370090786D /* Products */,
			);
			sourceTree = "<group>";
		};
		39D22810290862370090786D /* Products */ = {
			isa = PBXGroup;
			children = (
				39D2280F290862370090786D /* Quizo.app */,
			);
			name = Products;
			sourceTree = "<group>";
		};
		39D22811290862370090786D /* Quizo */ = {
			isa = PBXGroup;
			children = (
				39B772072908F42B00D9099D /* Helpers */,
				39B772052908F3EA00D9099D /* Views */,
				39B772042908F3D700D9099D /* Delegate */,
				39797C66290876E6007AF066 /* Controllers */,
				39D2281E290862380090786D /* Assets.xcassets */,
				39D22823290862380090786D /* Info.plist */,
				39D2281B290862370090786D /* Quizo.xcdatamodeld */,
			);
			path = Quizo;
			sourceTree = "<group>";
		};
		39D22829290863640090786D /* FontFiles */ = {
			isa = PBXGroup;
			children = (
				39D2282E290863FA0090786D /* Comfortaa-Bold.ttf */,
				39D2282C290863FA0090786D /* Comfortaa-Light.ttf */,
				39D2282B290863FA0090786D /* Comfortaa-Medium.ttf */,
				39D2282D290863FA0090786D /* Comfortaa-Regular.ttf */,
				39D2282A290863FA0090786D /* Comfortaa-SemiBold.ttf */,
			);
			path = FontFiles;
			sourceTree = "<group>";
		};
/* End PBXGroup section */

/* Begin PBXNativeTarget section */
		39D2280E290862370090786D /* Quizo */ = {
			isa = PBXNativeTarget;
			buildConfigurationList = 39D22826290862380090786D /* Build configuration list for PBXNativeTarget "Quizo" */;
			buildPhases = (
				39D2280B290862370090786D /* Sources */,
				39D2280C290862370090786D /* Frameworks */,
				39D2280D290862370090786D /* Resources */,
			);
			buildRules = (
			);
			dependencies = (
			);
			name = Quizo;
			productName = Quizo;
			productReference = 39D2280F290862370090786D /* Quizo.app */;
			productType = "com.apple.product-type.application";
		};
/* End PBXNativeTarget section */

/* Begin PBXProject section */
		39D22807290862370090786D /* Project object */ = {
			isa = PBXProject;
			attributes = {
				BuildIndependentTargetsInParallel = 1;
				LastSwiftUpdateCheck = 1400;
				LastUpgradeCheck = 1400;
				TargetAttributes = {
					39D2280E290862370090786D = {
						CreatedOnToolsVersion = 14.0.1;
					};
				};
			};
			buildConfigurationList = 39D2280A290862370090786D /* Build configuration list for PBXProject "Quizo" */;
			compatibilityVersion = "Xcode 14.0";
			developmentRegion = en;
			hasScannedForEncodings = 0;
			knownRegions = (
				en,
				Base,
			);
			mainGroup = 39D22806290862370090786D;
			productRefGroup = 39D22810290862370090786D /* Products */;
			projectDirPath = "";
			projectRoot = "";
			targets = (
				39D2280E290862370090786D /* Quizo */,
			);
		};
/* End PBXProject section */

/* Begin PBXResourcesBuildPhase section */
		39D2280D290862370090786D /* Resources */ = {
			isa = PBXResourcesBuildPhase;
			buildActionMask = 2147483647;
			files = (
				39D22833290863FA0090786D /* Comfortaa-Bold.ttf in Resources */,
				39D22822290862380090786D /* LaunchScreen.storyboard in Resources */,
				39D22830290863FA0090786D /* Comfortaa-Medium.ttf in Resources */,
				39D2281F290862380090786D /* Assets.xcassets in Resources */,
				39D22832290863FA0090786D /* Comfortaa-Regular.ttf in Resources */,
				39D2282F290863FA0090786D /* Comfortaa-SemiBold.ttf in Resources */,
				39D22831290863FA0090786D /* Comfortaa-Light.ttf in Resources */,
				39D2281A290862370090786D /* Main.storyboard in Resources */,
			);
			runOnlyForDeploymentPostprocessing = 0;
		};
/* End PBXResourcesBuildPhase section */

/* Begin PBXSourcesBuildPhase section */
		39D2280B290862370090786D /* Sources */ = {
			isa = PBXSourcesBuildPhase;
			buildActionMask = 2147483647;
			files = (
				39CB1A34290B4336004383C5 /* QuizLoadingScreenVC.swift in Sources */,
				39D22817290862370090786D /* LevelSelectorVC.swift in Sources */,
				39B772002908F3A900D9099D /* QuestionFetcher.swift in Sources */,
				39D22813290862370090786D /* AppDelegate.swift in Sources */,
				3997F16B2908AC51007BDCFC /* AboutScreenVC.swift in Sources */,
				39D2281D290862370090786D /* Quizo.xcdatamodeld in Sources */,
				39B772032908F3CE00D9099D /* Questions.swift in Sources */,
				39CB1A36290B5DFF004383C5 /* DBHelper.swift in Sources */,
				39D22815290862370090786D /* SceneDelegate.swift in Sources */,
				3997F1692908A960007BDCFC /* QuizScreenVC.swift in Sources */,
			);
			runOnlyForDeploymentPostprocessing = 0;
		};
/* End PBXSourcesBuildPhase section */

/* Begin PBXVariantGroup section */
		39D22818290862370090786D /* Main.storyboard */ = {
			isa = PBXVariantGroup;
			children = (
				39D22819290862370090786D /* Base */,
			);
			name = Main.storyboard;
			sourceTree = "<group>";
		};
		39D22820290862380090786D /* LaunchScreen.storyboard */ = {
			isa = PBXVariantGroup;
			children = (
				39D22821290862380090786D /* Base */,
			);
			name = LaunchScreen.storyboard;
			sourceTree = "<group>";
		};
/* End PBXVariantGroup section */

/* Begin XCBuildConfiguration section */
		39D22824290862380090786D /* Debug */ = {
			isa = XCBuildConfiguration;
			buildSettings = {
				ALWAYS_SEARCH_USER_PATHS = NO;
				CLANG_ANALYZER_NONNULL = YES;
				CLANG_ANALYZER_NUMBER_OBJECT_CONVERSION = YES_AGGRESSIVE;
				CLANG_CXX_LANGUAGE_STANDARD = "gnu++20";
				CLANG_ENABLE_MODULES = YES;
				CLANG_ENABLE_OBJC_ARC = YES;
				CLANG_ENABLE_OBJC_WEAK = YES;
				CLANG_WARN_BLOCK_CAPTURE_AUTORELEASING = YES;
				CLANG_WARN_BOOL_CONVERSION = YES;
				CLANG_WARN_COMMA = YES;
				CLANG_WARN_CONSTANT_CONVERSION = YES;
				CLANG_WARN_DEPRECATED_OBJC_IMPLEMENTATIONS = YES;
				CLANG_WARN_DIRECT_OBJC_ISA_USAGE = YES_ERROR;
				CLANG_WARN_DOCUMENTATION_COMMENTS = YES;
				CLANG_WARN_EMPTY_BODY = YES;
				CLANG_WARN_ENUM_CONVERSION = YES;
				CLANG_WARN_INFINITE_RECURSION = YES;
				CLANG_WARN_INT_CONVERSION = YES;
				CLANG_WARN_NON_LITERAL_NULL_CONVERSION = YES;
				CLANG_WARN_OBJC_IMPLICIT_RETAIN_SELF = YES;
				CLANG_WARN_OBJC_LITERAL_CONVERSION = YES;
				CLANG_WARN_OBJC_ROOT_CLASS = YES_ERROR;
				CLANG_WARN_QUOTED_INCLUDE_IN_FRAMEWORK_HEADER = YES;
				CLANG_WARN_RANGE_LOOP_ANALYSIS = YES;
				CLANG_WARN_STRICT_PROTOTYPES = YES;
				CLANG_WARN_SUSPICIOUS_MOVE = YES;
				CLANG_WARN_UNGUARDED_AVAILABILITY = YES_AGGRESSIVE;
				CLANG_WARN_UNREACHABLE_CODE = YES;
				CLANG_WARN__DUPLICATE_METHOD_MATCH = YES;
				COPY_PHASE_STRIP = NO;
				DEBUG_INFORMATION_FORMAT = dwarf;
				ENABLE_STRICT_OBJC_MSGSEND = YES;
				ENABLE_TESTABILITY = YES;
				GCC_C_LANGUAGE_STANDARD = gnu11;
				GCC_DYNAMIC_NO_PIC = NO;
				GCC_NO_COMMON_BLOCKS = YES;
				GCC_OPTIMIZATION_LEVEL = 0;
				GCC_PREPROCESSOR_DEFINITIONS = (
					"DEBUG=1",
					"$(inherited)",
				);
				GCC_WARN_64_TO_32_BIT_CONVERSION = YES;
				GCC_WARN_ABOUT_RETURN_TYPE = YES_ERROR;
				GCC_WARN_UNDECLARED_SELECTOR = YES;
				GCC_WARN_UNINITIALIZED_AUTOS = YES_AGGRESSIVE;
				GCC_WARN_UNUSED_FUNCTION = YES;
				GCC_WARN_UNUSED_VARIABLE = YES;
				IPHONEOS_DEPLOYMENT_TARGET = 16.0;
				MTL_ENABLE_DEBUG_INFO = INCLUDE_SOURCE;
				MTL_FAST_MATH = YES;
				ONLY_ACTIVE_ARCH = YES;
				SDKROOT = iphoneos;
				SWIFT_ACTIVE_COMPILATION_CONDITIONS = DEBUG;
				SWIFT_OPTIMIZATION_LEVEL = "-Onone";
			};
			name = Debug;
		};
		39D22825290862380090786D /* Release */ = {
			isa = XCBuildConfiguration;
			buildSettings = {
				ALWAYS_SEARCH_USER_PATHS = NO;
				CLANG_ANALYZER_NONNULL = YES;
				CLANG_ANALYZER_NUMBER_OBJECT_CONVERSION = YES_AGGRESSIVE;
				CLANG_CXX_LANGUAGE_STANDARD = "gnu++20";
				CLANG_ENABLE_MODULES = YES;
				CLANG_ENABLE_OBJC_ARC = YES;
				CLANG_ENABLE_OBJC_WEAK = YES;
				CLANG_WARN_BLOCK_CAPTURE_AUTORELEASING = YES;
				CLANG_WARN_BOOL_CONVERSION = YES;
				CLANG_WARN_COMMA = YES;
				CLANG_WARN_CONSTANT_CONVERSION = YES;
				CLANG_WARN_DEPRECATED_OBJC_IMPLEMENTATIONS = YES;
				CLANG_WARN_DIRECT_OBJC_ISA_USAGE = YES_ERROR;
				CLANG_WARN_DOCUMENTATION_COMMENTS = YES;
				CLANG_WARN_EMPTY_BODY = YES;
				CLANG_WARN_ENUM_CONVERSION = YES;
				CLANG_WARN_INFINITE_RECURSION = YES;
				CLANG_WARN_INT_CONVERSION = YES;
				CLANG_WARN_NON_LITERAL_NULL_CONVERSION = YES;
				CLANG_WARN_OBJC_IMPLICIT_RETAIN_SELF = YES;
				CLANG_WARN_OBJC_LITERAL_CONVERSION = YES;
				CLANG_WARN_OBJC_ROOT_CLASS = YES_ERROR;
				CLANG_WARN_QUOTED_INCLUDE_IN_FRAMEWORK_HEADER = YES;
				CLANG_WARN_RANGE_LOOP_ANALYSIS = YES;
				CLANG_WARN_STRICT_PROTOTYPES = YES;
				CLANG_WARN_SUSPICIOUS_MOVE = YES;
				CLANG_WARN_UNGUARDED_AVAILABILITY = YES_AGGRESSIVE;
				CLANG_WARN_UNREACHABLE_CODE = YES;
				CLANG_WARN__DUPLICATE_METHOD_MATCH = YES;
				COPY_PHASE_STRIP = NO;
				DEBUG_INFORMATION_FORMAT = "dwarf-with-dsym";
				ENABLE_NS_ASSERTIONS = NO;
				ENABLE_STRICT_OBJC_MSGSEND = YES;
				GCC_C_LANGUAGE_STANDARD = gnu11;
				GCC_NO_COMMON_BLOCKS = YES;
				GCC_WARN_64_TO_32_BIT_CONVERSION = YES;
				GCC_WARN_ABOUT_RETURN_TYPE = YES_ERROR;
				GCC_WARN_UNDECLARED_SELECTOR = YES;
				GCC_WARN_UNINITIALIZED_AUTOS = YES_AGGRESSIVE;
				GCC_WARN_UNUSED_FUNCTION = YES;
				GCC_WARN_UNUSED_VARIABLE = YES;
				IPHONEOS_DEPLOYMENT_TARGET = 16.0;
				MTL_ENABLE_DEBUG_INFO = NO;
				MTL_FAST_MATH = YES;
				SDKROOT = iphoneos;
				SWIFT_COMPILATION_MODE = wholemodule;
				SWIFT_OPTIMIZATION_LEVEL = "-O";
				VALIDATE_PRODUCT = YES;
			};
			name = Release;
		};
		39D22827290862380090786D /* Debug */ = {
			isa = XCBuildConfiguration;
			buildSettings = {
				ASSETCATALOG_COMPILER_APPICON_NAME = AppIcon;
				ASSETCATALOG_COMPILER_GLOBAL_ACCENT_COLOR_NAME = AccentColor;
				ASSETCATALOG_COMPILER_INCLUDE_ALL_APPICON_ASSETS = YES;
				CODE_SIGN_STYLE = Automatic;
				CURRENT_PROJECT_VERSION = 1;
				DEVELOPMENT_TEAM = DWHPHM5ALD;
				GENERATE_INFOPLIST_FILE = YES;
				INFOPLIST_FILE = Quizo/Info.plist;
				INFOPLIST_KEY_CFBundleDisplayName = Quizo;
				INFOPLIST_KEY_UIApplicationSupportsIndirectInputEvents = YES;
				INFOPLIST_KEY_UILaunchStoryboardName = LaunchScreen.storyboard;
				INFOPLIST_KEY_UIMainStoryboardFile = Main;
				INFOPLIST_KEY_UISupportedInterfaceOrientations = UIInterfaceOrientationPortrait;
				INFOPLIST_KEY_UISupportedInterfaceOrientations_iPad = "UIInterfaceOrientationPortrait UIInterfaceOrientationPortraitUpsideDown";
				IPHONEOS_DEPLOYMENT_TARGET = 15.2;
				LD_RUNPATH_SEARCH_PATHS = (
					"$(inherited)",
					"@executable_path/Frameworks",
				);
				MARKETING_VERSION = 1.0;
				PRODUCT_BUNDLE_IDENTIFIER = dharmikm.Quizo;
				PRODUCT_NAME = "$(TARGET_NAME)";
				SUPPORTED_PLATFORMS = "iphoneos iphonesimulator";
				SUPPORTS_MACCATALYST = NO;
				SUPPORTS_MAC_DESIGNED_FOR_IPHONE_IPAD = NO;
				SWIFT_EMIT_LOC_STRINGS = YES;
				SWIFT_VERSION = 5.0;
				TARGETED_DEVICE_FAMILY = "1,2";
			};
			name = Debug;
		};
		39D22828290862380090786D /* Release */ = {
			isa = XCBuildConfiguration;
			buildSettings = {
				ASSETCATALOG_COMPILER_APPICON_NAME = AppIcon;
				ASSETCATALOG_COMPILER_GLOBAL_ACCENT_COLOR_NAME = AccentColor;
				ASSETCATALOG_COMPILER_INCLUDE_ALL_APPICON_ASSETS = YES;
				CODE_SIGN_STYLE = Automatic;
				CURRENT_PROJECT_VERSION = 1;
				DEVELOPMENT_TEAM = DWHPHM5ALD;
				GENERATE_INFOPLIST_FILE = YES;
				INFOPLIST_FILE = Quizo/Info.plist;
				INFOPLIST_KEY_CFBundleDisplayName = Quizo;
				INFOPLIST_KEY_UIApplicationSupportsIndirectInputEvents = YES;
				INFOPLIST_KEY_UILaunchStoryboardName = LaunchScreen.storyboard;
				INFOPLIST_KEY_UIMainStoryboardFile = Main;
				INFOPLIST_KEY_UISupportedInterfaceOrientations = UIInterfaceOrientationPortrait;
				INFOPLIST_KEY_UISupportedInterfaceOrientations_iPad = "UIInterfaceOrientationPortrait UIInterfaceOrientationPortraitUpsideDown";
				IPHONEOS_DEPLOYMENT_TARGET = 15.2;
				LD_RUNPATH_SEARCH_PATHS = (
					"$(inherited)",
					"@executable_path/Frameworks",
				);
				MARKETING_VERSION = 1.0;
				PRODUCT_BUNDLE_IDENTIFIER = dharmikm.Quizo;
				PRODUCT_NAME = "$(TARGET_NAME)";
				SUPPORTED_PLATFORMS = "iphoneos iphonesimulator";
				SUPPORTS_MACCATALYST = NO;
				SUPPORTS_MAC_DESIGNED_FOR_IPHONE_IPAD = NO;
				SWIFT_EMIT_LOC_STRINGS = YES;
				SWIFT_VERSION = 5.0;
				TARGETED_DEVICE_FAMILY = "1,2";
			};
			name = Release;
		};
/* End XCBuildConfiguration section */

/* Begin XCConfigurationList section */
		39D2280A290862370090786D /* Build configuration list for PBXProject "Quizo" */ = {
			isa = XCConfigurationList;
			buildConfigurations = (
				39D22824290862380090786D /* Debug */,
				39D22825290862380090786D /* Release */,
			);
			defaultConfigurationIsVisible = 0;
			defaultConfigurationName = Release;
		};
		39D22826290862380090786D /* Build configuration list for PBXNativeTarget "Quizo" */ = {
			isa = XCConfigurationList;
			buildConfigurations = (
				39D22827290862380090786D /* Debug */,
				39D22828290862380090786D /* Release */,
			);
			defaultConfigurationIsVisible = 0;
			defaultConfigurationName = Release;
		};
/* End XCConfigurationList section */

/* Begin XCVersionGroup section */
		39D2281B290862370090786D /* Quizo.xcdatamodeld */ = {
			isa = XCVersionGroup;
			children = (
				39D2281C290862370090786D /* Quizo.xcdatamodel */,
			);
			currentVersion = 39D2281C290862370090786D /* Quizo.xcdatamodel */;
			path = Quizo.xcdatamodeld;
			sourceTree = "<group>";
			versionGroupType = wrapper.xcdatamodel;
		};
/* End XCVersionGroup section */
	};
	rootObject = 39D22807290862370090786D /* Project object */;
}
